// !$*UTF8*$!
{
	archiveVersion = 1;
	classes = {
	};
	objectVersion = 46;
	objects = {

/* Begin PBXBuildFile section */
		DE68BE121ACB3668006A5953 /* AppDelegate.swift in Sources */ = {isa = PBXBuildFile; fileRef = DE68BE111ACB3668006A5953 /* AppDelegate.swift */; };
		DE68BE141ACB3668006A5953 /* ViewController.swift in Sources */ = {isa = PBXBuildFile; fileRef = DE68BE131ACB3668006A5953 /* ViewController.swift */; };
		DE68BE171ACB3668006A5953 /* Main.storyboard in Resources */ = {isa = PBXBuildFile; fileRef = DE68BE151ACB3668006A5953 /* Main.storyboard */; };
		DE68BE191ACB3668006A5953 /* Images.xcassets in Resources */ = {isa = PBXBuildFile; fileRef = DE68BE181ACB3668006A5953 /* Images.xcassets */; };
		DE68BE1C1ACB3668006A5953 /* LaunchScreen.xib in Resources */ = {isa = PBXBuildFile; fileRef = DE68BE1A1ACB3668006A5953 /* LaunchScreen.xib */; };
		DE68BE281ACB3668006A5953 /* Giggity_GiggityTests.swift in Sources */ = {isa = PBXBuildFile; fileRef = DE68BE271ACB3668006A5953 /* Giggity_GiggityTests.swift */; };
		DE8A3D841AD06D6B00079849 /* CardView.swift in Sources */ = {isa = PBXBuildFile; fileRef = DE8A3D831AD06D6B00079849 /* CardView.swift */; };
/* End PBXBuildFile section */

/* Begin PBXContainerItemProxy section */
		DE68BE221ACB3668006A5953 /* PBXContainerItemProxy */ = {
			isa = PBXContainerItemProxy;
			containerPortal = DE68BE041ACB3668006A5953 /* Project object */;
			proxyType = 1;
			remoteGlobalIDString = DE68BE0B1ACB3668006A5953;
			remoteInfo = "Giggity Giggity";
		};
/* End PBXContainerItemProxy section */

/* Begin PBXFileReference section */
		DE68BE0C1ACB3668006A5953 /* Giggity Giggity.app */ = {isa = PBXFileReference; explicitFileType = wrapper.application; includeInIndex = 0; path = "Giggity Giggity.app"; sourceTree = BUILT_PRODUCTS_DIR; };
		DE68BE101ACB3668006A5953 /* Info.plist */ = {isa = PBXFileReference; lastKnownFileType = text.plist.xml; path = Info.plist; sourceTree = "<group>"; };
		DE68BE111ACB3668006A5953 /* AppDelegate.swift */ = {isa = PBXFileReference; lastKnownFileType = sourcecode.swift; path = AppDelegate.swift; sourceTree = "<group>"; };
		DE68BE131ACB3668006A5953 /* ViewController.swift */ = {isa = PBXFileReference; lastKnownFileType = sourcecode.swift; path = ViewController.swift; sourceTree = "<group>"; };
		DE68BE161ACB3668006A5953 /* Base */ = {isa = PBXFileReference; lastKnownFileType = file.storyboard; name = Base; path = Base.lproj/Main.storyboard; sourceTree = "<group>"; };
		DE68BE181ACB3668006A5953 /* Images.xcassets */ = {isa = PBXFileReference; lastKnownFileType = folder.assetcatalog; path = Images.xcassets; sourceTree = "<group>"; };
		DE68BE1B1ACB3668006A5953 /* Base */ = {isa = PBXFileReference; lastKnownFileType = file.xib; name = Base; path = Base.lproj/LaunchScreen.xib; sourceTree = "<group>"; };
		DE68BE211ACB3668006A5953 /* Giggity GiggityTests.xctest */ = {isa = PBXFileReference; explicitFileType = wrapper.cfbundle; includeInIndex = 0; path = "Giggity GiggityTests.xctest"; sourceTree = BUILT_PRODUCTS_DIR; };
		DE68BE261ACB3668006A5953 /* Info.plist */ = {isa = PBXFileReference; lastKnownFileType = text.plist.xml; path = Info.plist; sourceTree = "<group>"; };
		DE68BE271ACB3668006A5953 /* Giggity_GiggityTests.swift */ = {isa = PBXFileReference; lastKnownFileType = sourcecode.swift; path = Giggity_GiggityTests.swift; sourceTree = "<group>"; };
		DE8A3D831AD06D6B00079849 /* CardView.swift */ = {isa = PBXFileReference; fileEncoding = 4; lastKnownFileType = sourcecode.swift; path = CardView.swift; sourceTree = "<group>"; };
/* End PBXFileReference section */

/* Begin PBXFrameworksBuildPhase section */
		DE68BE091ACB3668006A5953 /* Frameworks */ = {
			isa = PBXFrameworksBuildPhase;
			buildActionMask = 2147483647;
			files = (
			);
			runOnlyForDeploymentPostprocessing = 0;
		};
		DE68BE1E1ACB3668006A5953 /* Frameworks */ = {
			isa = PBXFrameworksBuildPhase;
			buildActionMask = 2147483647;
			files = (
			);
			runOnlyForDeploymentPostprocessing = 0;
		};
/* End PBXFrameworksBuildPhase section */

/* Begin PBXGroup section */
		DE68BE031ACB3668006A5953 = {
			isa = PBXGroup;
			children = (
				DE68BE0E1ACB3668006A5953 /* Giggity Giggity */,
				DE68BE241ACB3668006A5953 /* Giggity GiggityTests */,
				DE68BE0D1ACB3668006A5953 /* Products */,
			);
			sourceTree = "<group>";
		};
		DE68BE0D1ACB3668006A5953 /* Products */ = {
			isa = PBXGroup;
			children = (
				DE68BE0C1ACB3668006A5953 /* Giggity Giggity.app */,
				DE68BE211ACB3668006A5953 /* Giggity GiggityTests.xctest */,
			);
			name = Products;
			sourceTree = "<group>";
		};
		DE68BE0E1ACB3668006A5953 /* Giggity Giggity */ = {
			isa = PBXGroup;
			children = (
				DE68BE111ACB3668006A5953 /* AppDelegate.swift */,
				DE8A3D821AD06D5000079849 /* Views */,
				DE68BE131ACB3668006A5953 /* ViewController.swift */,
				DE68BE151ACB3668006A5953 /* Main.storyboard */,
				DE68BE181ACB3668006A5953 /* Images.xcassets */,
				DE68BE1A1ACB3668006A5953 /* LaunchScreen.xib */,
				DE68BE0F1ACB3668006A5953 /* Supporting Files */,
			);
			path = "Giggity Giggity";
			sourceTree = "<group>";
		};
		DE68BE0F1ACB3668006A5953 /* Supporting Files */ = {
			isa = PBXGroup;
			children = (
				DE68BE101ACB3668006A5953 /* Info.plist */,
			);
			name = "Supporting Files";
			sourceTree = "<group>";
		};
		DE68BE241ACB3668006A5953 /* Giggity GiggityTests */ = {
			isa = PBXGroup;
			children = (
				DE68BE271ACB3668006A5953 /* Giggity_GiggityTests.swift */,
				DE68BE251ACB3668006A5953 /* Supporting Files */,
			);
			path = "Giggity GiggityTests";
			sourceTree = "<group>";
		};
		DE68BE251ACB3668006A5953 /* Supporting Files */ = {
			isa = PBXGroup;
			children = (
				DE68BE261ACB3668006A5953 /* Info.plist */,
			);
			name = "Supporting Files";
			sourceTree = "<group>";
		};
		DE8A3D821AD06D5000079849 /* Views */ = {
			isa = PBXGroup;
			children = (
				DE8A3D831AD06D6B00079849 /* CardView.swift */,
			);
			name = Views;
			path = ..;
			sourceTree = "<group>";
		};
/* End PBXGroup section */

/* Begin PBXNativeTarget section */
		DE68BE0B1ACB3668006A5953 /* Giggity Giggity */ = {
			isa = PBXNativeTarget;
			buildConfigurationList = DE68BE2B1ACB3668006A5953 /* Build configuration list for PBXNativeTarget "Giggity Giggity" */;
			buildPhases = (
				DE68BE081ACB3668006A5953 /* Sources */,
				DE68BE091ACB3668006A5953 /* Frameworks */,
				DE68BE0A1ACB3668006A5953 /* Resources */,
			);
			buildRules = (
			);
			dependencies = (
			);
			name = "Giggity Giggity";
			productName = "Giggity Giggity";
			productReference = DE68BE0C1ACB3668006A5953 /* Giggity Giggity.app */;
			productType = "com.apple.product-type.application";
		};
		DE68BE201ACB3668006A5953 /* Giggity GiggityTests */ = {
			isa = PBXNativeTarget;
			buildConfigurationList = DE68BE2E1ACB3668006A5953 /* Build configuration list for PBXNativeTarget "Giggity GiggityTests" */;
			buildPhases = (
				DE68BE1D1ACB3668006A5953 /* Sources */,
				DE68BE1E1ACB3668006A5953 /* Frameworks */,
				DE68BE1F1ACB3668006A5953 /* Resources */,
			);
			buildRules = (
			);
			dependencies = (
				DE68BE231ACB3668006A5953 /* PBXTargetDependency */,
			);
			name = "Giggity GiggityTests";
			productName = "Giggity GiggityTests";
			productReference = DE68BE211ACB3668006A5953 /* Giggity GiggityTests.xctest */;
			productType = "com.apple.product-type.bundle.unit-test";
		};
/* End PBXNativeTarget section */

/* Begin PBXProject section */
		DE68BE041ACB3668006A5953 /* Project object */ = {
			isa = PBXProject;
			attributes = {
				LastUpgradeCheck = 0610;
				TargetAttributes = {
					DE68BE0B1ACB3668006A5953 = {
						CreatedOnToolsVersion = 6.1.1;
					};
					DE68BE201ACB3668006A5953 = {
						CreatedOnToolsVersion = 6.1.1;
						TestTargetID = DE68BE0B1ACB3668006A5953;
					};
				};
			};
			buildConfigurationList = DE68BE071ACB3668006A5953 /* Build configuration list for PBXProject "Giggity Giggity" */;
			compatibilityVersion = "Xcode 3.2";
			developmentRegion = English;
			hasScannedForEncodings = 0;
			knownRegions = (
				en,
				Base,
			);
			mainGroup = DE68BE031ACB3668006A5953;
			productRefGroup = DE68BE0D1ACB3668006A5953 /* Products */;
			projectDirPath = "";
			projectRoot = "";
			targets = (
				DE68BE0B1ACB3668006A5953 /* Giggity Giggity */,
				DE68BE201ACB3668006A5953 /* Giggity GiggityTests */,
			);
		};
/* End PBXProject section */

/* Begin PBXResourcesBuildPhase section */
		DE68BE0A1ACB3668006A5953 /* Resources */ = {
			isa = PBXResourcesBuildPhase;
			buildActionMask = 2147483647;
			files = (
				DE68BE171ACB3668006A5953 /* Main.storyboard in Resources */,
				DE68BE1C1ACB3668006A5953 /* LaunchScreen.xib in Resources */,
				DE68BE191ACB3668006A5953 /* Images.xcassets in Resources */,
			);
			runOnlyForDeploymentPostprocessing = 0;
		};
		DE68BE1F1ACB3668006A5953 /* Resources */ = {
			isa = PBXResourcesBuildPhase;
			buildActionMask = 2147483647;
			files = (
			);
			runOnlyForDeploymentPostprocessing = 0;
		};
/* End PBXResourcesBuildPhase section */

/* Begin PBXSourcesBuildPhase section */
		DE68BE081ACB3668006A5953 /* Sources */ = {
			isa = PBXSourcesBuildPhase;
			buildActionMask = 2147483647;
			files = (
				DE68BE141ACB3668006A5953 /* ViewController.swift in Sources */,
				DE8A3D841AD06D6B00079849 /* CardView.swift in Sources */,
				DE68BE121ACB3668006A5953 /* AppDelegate.swift in Sources */,
			);
			runOnlyForDeploymentPostprocessing = 0;
		};
		DE68BE1D1ACB3668006A5953 /* Sources */ = {
			isa = PBXSourcesBuildPhase;
			buildActionMask = 2147483647;
			files = (
				DE68BE281ACB3668006A5953 /* Giggity_GiggityTests.swift in Sources */,
			);
			runOnlyForDeploymentPostprocessing = 0;
		};
/* End PBXSourcesBuildPhase section */

/* Begin PBXTargetDependency section */
		DE68BE231ACB3668006A5953 /* PBXTargetDependency */ = {
			isa = PBXTargetDependency;
			target = DE68BE0B1ACB3668006A5953 /* Giggity Giggity */;
			targetProxy = DE68BE221ACB3668006A5953 /* PBXContainerItemProxy */;
		};
/* End PBXTargetDependency section */

/* Begin PBXVariantGroup section */
		DE68BE151ACB3668006A5953 /* Main.storyboard */ = {
			isa = PBXVariantGroup;
			children = (
				DE68BE161ACB3668006A5953 /* Base */,
			);
			name = Main.storyboard;
			sourceTree = "<group>";
		};
		DE68BE1A1ACB3668006A5953 /* LaunchScreen.xib */ = {
			isa = PBXVariantGroup;
			children = (
				DE68BE1B1ACB3668006A5953 /* Base */,
			);
			name = LaunchScreen.xib;
			sourceTree = "<group>";
		};
/* End PBXVariantGroup section */

/* Begin XCBuildConfiguration section */
		DE68BE291ACB3668006A5953 /* Debug */ = {
			isa = XCBuildConfiguration;
			buildSettings = {
				ALWAYS_SEARCH_USER_PATHS = NO;
				CLANG_CXX_LANGUAGE_STANDARD = "gnu++0x";
				CLANG_CXX_LIBRARY = "libc++";
				CLANG_ENABLE_MODULES = YES;
				CLANG_ENABLE_OBJC_ARC = YES;
				CLANG_WARN_BOOL_CONVERSION = YES;
				CLANG_WARN_CONSTANT_CONVERSION = YES;
				CLANG_WARN_DIRECT_OBJC_ISA_USAGE = YES_ERROR;
				CLANG_WARN_EMPTY_BODY = YES;
				CLANG_WARN_ENUM_CONVERSION = YES;
				CLANG_WARN_INT_CONVERSION = YES;
				CLANG_WARN_OBJC_ROOT_CLASS = YES_ERROR;
				CLANG_WARN_UNREACHABLE_CODE = YES;
				CLANG_WARN__DUPLICATE_METHOD_MATCH = YES;
				"CODE_SIGN_IDENTITY[sdk=iphoneos*]" = "iPhone Developer";
				COPY_PHASE_STRIP = NO;
				ENABLE_STRICT_OBJC_MSGSEND = YES;
				GCC_C_LANGUAGE_STANDARD = gnu99;
				GCC_DYNAMIC_NO_PIC = NO;
				GCC_OPTIMIZATION_LEVEL = 0;
				GCC_PREPROCESSOR_DEFINITIONS = (
					"DEBUG=1",
					"$(inherited)",
				);
				GCC_SYMBOLS_PRIVATE_EXTERN = NO;
				GCC_WARN_64_TO_32_BIT_CONVERSION = YES;
				GCC_WARN_ABOUT_RETURN_TYPE = YES_ERROR;
				GCC_WARN_UNDECLARED_SELECTOR = YES;
				GCC_WARN_UNINITIALIZED_AUTOS = YES_AGGRESSIVE;
				GCC_WARN_UNUSED_FUNCTION = YES;
				GCC_WARN_UNUSED_VARIABLE = YES;
				IPHONEOS_DEPLOYMENT_TARGET = 8.1;
				MTL_ENABLE_DEBUG_INFO = YES;
				ONLY_ACTIVE_ARCH = YES;
				SDKROOT = iphoneos;
				SWIFT_OPTIMIZATION_LEVEL = "-Onone";
				TARGETED_DEVICE_FAMILY = "1,2";
			};
			name = Debug;
		};
		DE68BE2A1ACB3668006A5953 /* Release */ = {
			isa = XCBuildConfiguration;
			buildSettings = {
				ALWAYS_SEARCH_USER_PATHS = NO;
				CLANG_CXX_LANGUAGE_STANDARD = "gnu++0x";
				CLANG_CXX_LIBRARY = "libc++";
				CLANG_ENABLE_MODULES = YES;
				CLANG_ENABLE_OBJC_ARC = YES;
				CLANG_WARN_BOOL_CONVERSION = YES;
				CLANG_WARN_CONSTANT_CONVERSION = YES;
				CLANG_WARN_DIRECT_OBJC_ISA_USAGE = YES_ERROR;
				CLANG_WARN_EMPTY_BODY = YES;
				CLANG_WARN_ENUM_CONVERSION = YES;
				CLANG_WARN_INT_CONVERSION = YES;
				CLANG_WARN_OBJC_ROOT_CLASS = YES_ERROR;
				CLANG_WARN_UNREACHABLE_CODE = YES;
				CLANG_WARN__DUPLICATE_METHOD_MATCH = YES;
				"CODE_SIGN_IDENTITY[sdk=iphoneos*]" = "iPhone Developer";
				COPY_PHASE_STRIP = YES;
				ENABLE_NS_ASSERTIONS = NO;
				ENABLE_STRICT_OBJC_MSGSEND = YES;
				GCC_C_LANGUAGE_STANDARD = gnu99;
				GCC_WARN_64_TO_32_BIT_CONVERSION = YES;
				GCC_WARN_ABOUT_RETURN_TYPE = YES_ERROR;
				GCC_WARN_UNDECLARED_SELECTOR = YES;
				GCC_WARN_UNINITIALIZED_AUTOS = YES_AGGRESSIVE;
				GCC_WARN_UNUSED_FUNCTION = YES;
				GCC_WARN_UNUSED_VARIABLE = YES;
				IPHONEOS_DEPLOYMENT_TARGET = 8.1;
				MTL_ENABLE_DEBUG_INFO = NO;
				SDKROOT = iphoneos;
				TARGETED_DEVICE_FAMILY = "1,2";
				VALIDATE_PRODUCT = YES;
			};
			name = Release;
		};
		DE68BE2C1ACB3668006A5953 /* Debug */ = {
			isa = XCBuildConfiguration;
			buildSettings = {
				ASSETCATALOG_COMPILER_APPICON_NAME = AppIcon;
				INFOPLIST_FILE = "Giggity Giggity/Info.plist";
				LD_RUNPATH_SEARCH_PATHS = "$(inherited) @executable_path/Frameworks";
				PRODUCT_NAME = "$(TARGET_NAME)";
			};
			name = Debug;
		};
		DE68BE2D1ACB3668006A5953 /* Release */ = {
			isa = XCBuildConfiguration;
			buildSettings = {
				ASSETCATALOG_COMPILER_APPICON_NAME = AppIcon;
				INFOPLIST_FILE = "Giggity Giggity/Info.plist";
				LD_RUNPATH_SEARCH_PATHS = "$(inherited) @executable_path/Frameworks";
				PRODUCT_NAME = "$(TARGET_NAME)";
			};
			name = Release;
		};
		DE68BE2F1ACB3668006A5953 /* Debug */ = {
			isa = XCBuildConfiguration;
			buildSettings = {
				BUNDLE_LOADER = "$(TEST_HOST)";
				FRAMEWORK_SEARCH_PATHS = (
					"$(SDKROOT)/Developer/Library/Frameworks",
					"$(inherited)",
				);
				GCC_PREPROCESSOR_DEFINITIONS = (
					"DEBUG=1",
					"$(inherited)",
				);
				INFOPLIST_FILE = "Giggity GiggityTests/Info.plist";
				LD_RUNPATH_SEARCH_PATHS = "$(inherited) @executable_path/Frameworks @loader_path/Frameworks";
				PRODUCT_NAME = "$(TARGET_NAME)";
				TEST_HOST = "$(BUILT_PRODUCTS_DIR)/Giggity Giggity.app/Giggity Giggity";
			};
			name = Debug;
		};
		DE68BE301ACB3668006A5953 /* Release */ = {
			isa = XCBuildConfiguration;
			buildSettings = {
				BUNDLE_LOADER = "$(TEST_HOST)";
				FRAMEWORK_SEARCH_PATHS = (
					"$(SDKROOT)/Developer/Library/Frameworks",
					"$(inherited)",
				);
				INFOPLIST_FILE = "Giggity GiggityTests/Info.plist";
				LD_RUNPATH_SEARCH_PATHS = "$(inherited) @executable_path/Frameworks @loader_path/Frameworks";
				PRODUCT_NAME = "$(TARGET_NAME)";
				TEST_HOST = "$(BUILT_PRODUCTS_DIR)/Giggity Giggity.app/Giggity Giggity";
			};
			name = Release;
		};
/* End XCBuildConfiguration section */

/* Begin XCConfigurationList section */
		DE68BE071ACB3668006A5953 /* Build configuration list for PBXProject "Giggity Giggity" */ = {
			isa = XCConfigurationList;
			buildConfigurations = (
				DE68BE291ACB3668006A5953 /* Debug */,
				DE68BE2A1ACB3668006A5953 /* Release */,
			);
			defaultConfigurationIsVisible = 0;
			defaultConfigurationName = Release;
		};
		DE68BE2B1ACB3668006A5953 /* Build configuration list for PBXNativeTarget "Giggity Giggity" */ = {
			isa = XCConfigurationList;
			buildConfigurations = (
				DE68BE2C1ACB3668006A5953 /* Debug */,
				DE68BE2D1ACB3668006A5953 /* Release */,
			);
			defaultConfigurationIsVisible = 0;
			defaultConfigurationName = Release;
		};
		DE68BE2E1ACB3668006A5953 /* Build configuration list for PBXNativeTarget "Giggity GiggityTests" */ = {
			isa = XCConfigurationList;
			buildConfigurations = (
				DE68BE2F1ACB3668006A5953 /* Debug */,
				DE68BE301ACB3668006A5953 /* Release */,
			);
			defaultConfigurationIsVisible = 0;
			defaultConfigurationName = Release;
		};
/* End XCConfigurationList section */
	};
	rootObject = DE68BE041ACB3668006A5953 /* Project object */;
}
